<?xml version="1.0" encoding="utf-8"?>
<Project ToolsVersion="4.0" xmlns="http://schemas.microsoft.com/developer/msbuild/2003">
  <ItemGroup>
    <ClCompile Include="EoS.cpp" />
    <ClCompile Include="Event.cpp" />
    <ClCompile Include="TActionManager.cpp" />
    <ClCompile Include="TGCButton.cpp" />
    <ClCompile Include="TGCTextBox.cpp" />
    <ClCompile Include="TParameter.cpp" />
    <ClCompile Include="TAction.cpp">
      <Filter>Actions</Filter>
    </ClCompile>
    <ClCompile Include="GUI_ActionManager.cpp">
      <Filter>GUI</Filter>
    </ClCompile>
    <ClCompile Include="GUI_ActionButton.cpp">
      <Filter>GUI</Filter>
    </ClCompile>
    <ClCompile Include="GUI_ActionPanel.cpp">
      <Filter>GUI</Filter>
    </ClCompile>
    <ClCompile Include="GUI_Object.cpp">
      <Filter>GUI</Filter>
    </ClCompile>
    <ClCompile Include="GUI_Layer.cpp">
      <Filter>GUI</Filter>
    </ClCompile>
    <ClCompile Include="GUI_MapViewer.cpp">
      <Filter>GUI</Filter>
    </ClCompile>
    <ClCompile Include="Application.cpp" />
    <ClCompile Include="GameObject.cpp" />
    <ClCompile Include="Timer.cpp" />
    <ClCompile Include="GUI_PopMenu.cpp">
      <Filter>GUI</Filter>
    </ClCompile>
    <ClCompile Include="GameMap.cpp" />
    <ClCompile Include="GUI_Text.cpp">
      <Filter>GUI</Filter>
    </ClCompile>
    <ClCompile Include="GUI_TextBox.cpp">
      <Filter>GUI</Filter>
    </ClCompile>
    <ClCompile Include="ApplicationGUI.cpp">
      <Filter>GUI</Filter>
    </ClCompile>
    <ClCompile Include="GUI_Item.cpp">
      <Filter>GUI</Filter>
    </ClCompile>
    <ClCompile Include="GUI_Container.cpp">
      <Filter>GUI</Filter>
    </ClCompile>
    <ClCompile Include="GUI_ItemButton.cpp">
      <Filter>GUI</Filter>
    </ClCompile>
    <ClCompile Include="GUI_Window.cpp">
      <Filter>GUI</Filter>
    </ClCompile>
    <ClCompile Include="GraphicalController.cpp" />
    <ClCompile Include="GUI_Timer.cpp">
      <Filter>GUI</Filter>
    </ClCompile>
    <ClCompile Include="GameObjectProperty.cpp">
      <Filter>Properties</Filter>
    </ClCompile>
    <ClCompile Include="Property_Container.cpp">
      <Filter>Properties</Filter>
    </ClCompile>
    <ClCompile Include="GameEntity.cpp" />
    <ClCompile Include="Action_OpenInventory.cpp">
      <Filter>Actions</Filter>
    </ClCompile>
    <ClCompile Include="GUI_Inventory.cpp">
      <Filter>GUI</Filter>
    </ClCompile>
    <ClCompile Include="MouseController.cpp">
      <Filter>Controllers</Filter>
    </ClCompile>
  </ItemGroup>
  <ItemGroup>
    <ClInclude Include="Event.h" />
    <ClInclude Include="TActionManager.h" />
    <ClInclude Include="TGCButton.h" />
    <ClInclude Include="TParameter.h" />
    <ClInclude Include="TGCTextBox.h" />
    <ClInclude Include="TAction.h">
      <Filter>Actions</Filter>
    </ClInclude>
    <ClInclude Include="ActionsDescription.h">
      <Filter>Actions</Filter>
    </ClInclude>
    <ClInclude Include="Definiton.h" />
    <ClInclude Include="GUI_ActionManager.h">
      <Filter>GUI</Filter>
    </ClInclude>
    <ClInclude Include="GUI_ActionButton.h">
      <Filter>GUI</Filter>
    </ClInclude>
    <ClInclude Include="GUI_Object.h">
      <Filter>GUI</Filter>
    </ClInclude>
    <ClInclude Include="GUI_Layer.h">
      <Filter>GUI</Filter>
    </ClInclude>
    <ClInclude Include="GUI_MapViewer.h">
      <Filter>GUI</Filter>
    </ClInclude>
    <ClInclude Include="Application.h" />
    <ClInclude Include="GameObject.h" />
    <ClInclude Include="Timer.h" />
    <ClInclude Include="GUI_PopMenu.h">
      <Filter>GUI</Filter>
    </ClInclude>
    <ClInclude Include="GameMap.h" />
    <ClInclude Include="GUI_ActionPanel.h">
      <Filter>GUI</Filter>
    </ClInclude>
    <ClInclude Include="GUI_Text.h">
      <Filter>GUI</Filter>
    </ClInclude>
    <ClInclude Include="GUI_TextBox.h">
      <Filter>GUI</Filter>
    </ClInclude>
    <ClInclude Include="Description_GUI.h">
      <Filter>GUI</Filter>
    </ClInclude>
    <ClInclude Include="ApplicationGUI.h">
      <Filter>GUI</Filter>
    </ClInclude>
    <ClInclude Include="GUI_Item.h">
      <Filter>GUI</Filter>
    </ClInclude>
    <ClInclude Include="GUI_Container.h">
      <Filter>GUI</Filter>
    </ClInclude>
    <ClInclude Include="GUI_ItemButton.h">
      <Filter>GUI</Filter>
    </ClInclude>
    <ClInclude Include="GUI_Window.h">
      <Filter>GUI</Filter>
    </ClInclude>
    <ClInclude Include="GraphicalController.h" />
    <ClInclude Include="GUI_Timer.h">
      <Filter>GUI</Filter>
    </ClInclude>
    <ClInclude Include="GameObjectProperty.h">
      <Filter>Properties</Filter>
    </ClInclude>
    <ClInclude Include="Property_Container.h">
      <Filter>Properties</Filter>
    </ClInclude>
    <ClInclude Include="GameEntity.h" />
    <ClInclude Include="Action_OpenInventory.h">
      <Filter>Actions</Filter>
    </ClInclude>
    <ClInclude Include="GUI_Inventory.h">
      <Filter>GUI</Filter>
    </ClInclude>
    <ClInclude Include="MouseController.h">
      <Filter>Controllers</Filter>
    </ClInclude>
  </ItemGroup>
  <ItemGroup>
    <Filter Include="GUI">
      <UniqueIdentifier>{4fcc9124-546d-45a1-9f29-324f43261c2f}</UniqueIdentifier>
    </Filter>
    <Filter Include="Actions">
      <UniqueIdentifier>{b454e8da-97ca-4042-b83b-8287a7bced26}</UniqueIdentifier>
    </Filter>
    <Filter Include="Properties">
      <UniqueIdentifier>{4ebf3b1f-2cbb-4ccb-991a-a0f26c11639b}</UniqueIdentifier>
    </Filter>
    <Filter Include="Controllers">
      <UniqueIdentifier>{0c50c177-eeba-4cee-b085-0ff59f3d84a7}</UniqueIdentifier>
    </Filter>
  </ItemGroup>
</Project>